PODS:
  - Flutter (1.0.0)
  - flutter_blue_plus_darwin (0.0.2):
    - Flutter
    - FlutterMacOS
  - nfc_manager (0.0.1):
    - Flutter
  - tm_wifi_connect (0.0.1):
    - Flutter

DEPENDENCIES:
  - Flutter (from `Flutter`)
  - flutter_blue_plus_darwin (from `.symlinks/plugins/flutter_blue_plus_darwin/darwin`)
  - nfc_manager (from `.symlinks/plugins/nfc_manager/ios`)
  - tm_wifi_connect (from `.symlinks/plugins/tm_wifi_connect/ios`)

EXTERNAL SOURCES:
  Flutter:
    :path: Flutter
  flutter_blue_plus_darwin:
    :path: ".symlinks/plugins/flutter_blue_plus_darwin/darwin"
  nfc_manager:
    :path: ".symlinks/plugins/nfc_manager/ios"
  tm_wifi_connect:
    :path: ".symlinks/plugins/tm_wifi_connect/ios"

SPEC CHECKSUMS:
  Flutter: cabc95a1d2626b1b06e7179b784ebcf0c0cde467
  flutter_blue_plus_darwin: 20a08bfeaa0f7804d524858d3d8744bcc1b6dbc3
  nfc_manager: f6d5609c09b4640b914a3dc67479a2e392965fd0
  tm_wifi_connect: e214f56889687521026dbf720b6d629fdc36c8bc

PODFILE CHECKSUM: 3c63482e143d1b91d2d2560aee9fb04ecc74ac7e

COCOAPODS: 1.16.2
